// !$*UTF8*$!
{
	archiveVersion = 1;
	classes = {
	};
	objectVersion = 51;
	objects = {

/* Begin PBXBuildFile section */
		18CE13E9BA7FACA7430F9A5E /* Pods_ios_templates.framework in Frameworks */ = {isa = PBXBuildFile; fileRef = 29DFF739E35513BD1E78FC30 /* Pods_ios_templates.framework */; };
		260C2D20261D80A600810104 /* AppDelegate.swift in Sources */ = {isa = PBXBuildFile; fileRef = 260C2D1F261D80A600810104 /* AppDelegate.swift */; };
		260C2D22261D80A600810104 /* SceneDelegate.swift in Sources */ = {isa = PBXBuildFile; fileRef = 260C2D21261D80A600810104 /* SceneDelegate.swift */; };
		260C2D24261D80A600810104 /* SplashViewController.swift in Sources */ = {isa = PBXBuildFile; fileRef = 260C2D23261D80A600810104 /* SplashViewController.swift */; };
		260C2D27261D80A600810104 /* Main.storyboard in Resources */ = {isa = PBXBuildFile; fileRef = 260C2D25261D80A600810104 /* Main.storyboard */; };
		260C2D29261D80A700810104 /* Assets.xcassets in Resources */ = {isa = PBXBuildFile; fileRef = 260C2D28261D80A700810104 /* Assets.xcassets */; };
		260C2D2C261D80A700810104 /* LaunchScreen.storyboard in Resources */ = {isa = PBXBuildFile; fileRef = 260C2D2A261D80A700810104 /* LaunchScreen.storyboard */; };
		260C2D37261D80A700810104 /* ios_templatesTests.swift in Sources */ = {isa = PBXBuildFile; fileRef = 260C2D36261D80A700810104 /* ios_templatesTests.swift */; };
		260C2D42261D80A700810104 /* ios_templatesUITests.swift in Sources */ = {isa = PBXBuildFile; fileRef = 260C2D41261D80A700810104 /* ios_templatesUITests.swift */; };
		260C2D55261D95D900810104 /* ServiceProtocol.swift in Sources */ = {isa = PBXBuildFile; fileRef = 260C2D54261D95D900810104 /* ServiceProtocol.swift */; };
		260C2D5B261D980300810104 /* HTTPMethod.swift in Sources */ = {isa = PBXBuildFile; fileRef = 260C2D5A261D980300810104 /* HTTPMethod.swift */; };
		260C2D64261D9BBD00810104 /* RequestBody.swift in Sources */ = {isa = PBXBuildFile; fileRef = 260C2D63261D9BBD00810104 /* RequestBody.swift */; };
		260C2D6C261D9EDE00810104 /* GoogleService-Info.plist in Resources */ = {isa = PBXBuildFile; fileRef = 260C2D6B261D9EDE00810104 /* GoogleService-Info.plist */; };
		260C2D85261DA38D00810104 /* URLSessionProvider.swift in Sources */ = {isa = PBXBuildFile; fileRef = 260C2D84261DA38D00810104 /* URLSessionProvider.swift */; };
		260C2D8B261DA44800810104 /* Storyboard.swift in Sources */ = {isa = PBXBuildFile; fileRef = 260C2D8A261DA44800810104 /* Storyboard.swift */; };
		260C2D90261DAC3A00810104 /* NetworkResponse.swift in Sources */ = {isa = PBXBuildFile; fileRef = 260C2D8F261DAC3A00810104 /* NetworkResponse.swift */; };
		260C2D96261DAE4D00810104 /* LoginService.swift in Sources */ = {isa = PBXBuildFile; fileRef = 260C2D95261DAE4D00810104 /* LoginService.swift */; };
		260C2DA1261DCA4500810104 /* UIColor.swift in Sources */ = {isa = PBXBuildFile; fileRef = 260C2DA0261DCA4500810104 /* UIColor.swift */; };
		260C2DAA261DD02200810104 /* RegisterViewController.swift in Sources */ = {isa = PBXBuildFile; fileRef = 260C2DA9261DD02200810104 /* RegisterViewController.swift */; };
		260C2DC4261DE14400810104 /* Application.swift in Sources */ = {isa = PBXBuildFile; fileRef = 260C2DC3261DE14400810104 /* Application.swift */; };
		260C2DC9261DE44B00810104 /* Navigator.swift in Sources */ = {isa = PBXBuildFile; fileRef = 260C2DC8261DE44B00810104 /* Navigator.swift */; };
		261436EE261F92D40029FB04 /* UIView.swift in Sources */ = {isa = PBXBuildFile; fileRef = 261436ED261F92D40029FB04 /* UIView.swift */; };
		26420617261F57BB00DC1324 /* Register.storyboard in Resources */ = {isa = PBXBuildFile; fileRef = 26420616261F57BB00DC1324 /* Register.storyboard */; };
		79ED884629D9DC3EF4905234 /* Pods_ios_templates_ios_templatesUITests.framework in Frameworks */ = {isa = PBXBuildFile; fileRef = 62C8F5DBBF2E15A77DBA2CFE /* Pods_ios_templates_ios_templatesUITests.framework */; };
		A1A214903F84A72FC4222645 /* Pods_ios_templatesTests.framework in Frameworks */ = {isa = PBXBuildFile; fileRef = 74259A1EDD622F0B621E840A /* Pods_ios_templatesTests.framework */; };
/* End PBXBuildFile section */

/* Begin PBXContainerItemProxy section */
		260C2D33261D80A700810104 /* PBXContainerItemProxy */ = {
			isa = PBXContainerItemProxy;
			containerPortal = 260C2D14261D80A600810104 /* Project object */;
			proxyType = 1;
			remoteGlobalIDString = 260C2D1B261D80A600810104;
			remoteInfo = "ios-templates";
		};
		260C2D3E261D80A700810104 /* PBXContainerItemProxy */ = {
			isa = PBXContainerItemProxy;
			containerPortal = 260C2D14261D80A600810104 /* Project object */;
			proxyType = 1;
			remoteGlobalIDString = 260C2D1B261D80A600810104;
			remoteInfo = "ios-templates";
		};
/* End PBXContainerItemProxy section */

/* Begin PBXFileReference section */
		1BCF2A96B53201FEDA295C14 /* Pods-ios-templates.release.xcconfig */ = {isa = PBXFileReference; includeInIndex = 1; lastKnownFileType = text.xcconfig; name = "Pods-ios-templates.release.xcconfig"; path = "Target Support Files/Pods-ios-templates/Pods-ios-templates.release.xcconfig"; sourceTree = "<group>"; };
		260C2D1C261D80A600810104 /* ios-templates.app */ = {isa = PBXFileReference; explicitFileType = wrapper.application; includeInIndex = 0; path = "ios-templates.app"; sourceTree = BUILT_PRODUCTS_DIR; };
		260C2D1F261D80A600810104 /* AppDelegate.swift */ = {isa = PBXFileReference; lastKnownFileType = sourcecode.swift; path = AppDelegate.swift; sourceTree = "<group>"; };
		260C2D21261D80A600810104 /* SceneDelegate.swift */ = {isa = PBXFileReference; lastKnownFileType = sourcecode.swift; path = SceneDelegate.swift; sourceTree = "<group>"; };
		260C2D23261D80A600810104 /* SplashViewController.swift */ = {isa = PBXFileReference; lastKnownFileType = sourcecode.swift; path = SplashViewController.swift; sourceTree = "<group>"; };
		260C2D26261D80A600810104 /* Base */ = {isa = PBXFileReference; lastKnownFileType = file.storyboard; name = Base; path = Base.lproj/Main.storyboard; sourceTree = "<group>"; };
		260C2D28261D80A700810104 /* Assets.xcassets */ = {isa = PBXFileReference; lastKnownFileType = folder.assetcatalog; path = Assets.xcassets; sourceTree = "<group>"; };
		260C2D2B261D80A700810104 /* Base */ = {isa = PBXFileReference; lastKnownFileType = file.storyboard; name = Base; path = Base.lproj/LaunchScreen.storyboard; sourceTree = "<group>"; };
		260C2D2D261D80A700810104 /* Info.plist */ = {isa = PBXFileReference; lastKnownFileType = text.plist.xml; path = Info.plist; sourceTree = "<group>"; };
		260C2D32261D80A700810104 /* ios-templatesTests.xctest */ = {isa = PBXFileReference; explicitFileType = wrapper.cfbundle; includeInIndex = 0; path = "ios-templatesTests.xctest"; sourceTree = BUILT_PRODUCTS_DIR; };
		260C2D36261D80A700810104 /* ios_templatesTests.swift */ = {isa = PBXFileReference; lastKnownFileType = sourcecode.swift; path = ios_templatesTests.swift; sourceTree = "<group>"; };
		260C2D38261D80A700810104 /* Info.plist */ = {isa = PBXFileReference; lastKnownFileType = text.plist.xml; path = Info.plist; sourceTree = "<group>"; };
		260C2D3D261D80A700810104 /* ios-templatesUITests.xctest */ = {isa = PBXFileReference; explicitFileType = wrapper.cfbundle; includeInIndex = 0; path = "ios-templatesUITests.xctest"; sourceTree = BUILT_PRODUCTS_DIR; };
		260C2D41261D80A700810104 /* ios_templatesUITests.swift */ = {isa = PBXFileReference; lastKnownFileType = sourcecode.swift; path = ios_templatesUITests.swift; sourceTree = "<group>"; };
		260C2D43261D80A700810104 /* Info.plist */ = {isa = PBXFileReference; lastKnownFileType = text.plist.xml; path = Info.plist; sourceTree = "<group>"; };
		260C2D54261D95D900810104 /* ServiceProtocol.swift */ = {isa = PBXFileReference; lastKnownFileType = sourcecode.swift; path = ServiceProtocol.swift; sourceTree = "<group>"; };
		260C2D5A261D980300810104 /* HTTPMethod.swift */ = {isa = PBXFileReference; lastKnownFileType = sourcecode.swift; path = HTTPMethod.swift; sourceTree = "<group>"; };
		260C2D63261D9BBD00810104 /* RequestBody.swift */ = {isa = PBXFileReference; lastKnownFileType = sourcecode.swift; path = RequestBody.swift; sourceTree = "<group>"; };
		260C2D6B261D9EDE00810104 /* GoogleService-Info.plist */ = {isa = PBXFileReference; fileEncoding = 4; lastKnownFileType = text.plist.xml; path = "GoogleService-Info.plist"; sourceTree = "<group>"; };
		260C2D84261DA38D00810104 /* URLSessionProvider.swift */ = {isa = PBXFileReference; lastKnownFileType = sourcecode.swift; path = URLSessionProvider.swift; sourceTree = "<group>"; };
		260C2D8A261DA44800810104 /* Storyboard.swift */ = {isa = PBXFileReference; lastKnownFileType = sourcecode.swift; path = Storyboard.swift; sourceTree = "<group>"; };
		260C2D8F261DAC3A00810104 /* NetworkResponse.swift */ = {isa = PBXFileReference; lastKnownFileType = sourcecode.swift; path = NetworkResponse.swift; sourceTree = "<group>"; };
		260C2D95261DAE4D00810104 /* LoginService.swift */ = {isa = PBXFileReference; lastKnownFileType = sourcecode.swift; path = LoginService.swift; sourceTree = "<group>"; };
		260C2DA0261DCA4500810104 /* UIColor.swift */ = {isa = PBXFileReference; lastKnownFileType = sourcecode.swift; path = UIColor.swift; sourceTree = "<group>"; };
		260C2DA9261DD02200810104 /* RegisterViewController.swift */ = {isa = PBXFileReference; lastKnownFileType = sourcecode.swift; path = RegisterViewController.swift; sourceTree = "<group>"; };
		260C2DC3261DE14400810104 /* Application.swift */ = {isa = PBXFileReference; lastKnownFileType = sourcecode.swift; path = Application.swift; sourceTree = "<group>"; };
		260C2DC8261DE44B00810104 /* Navigator.swift */ = {isa = PBXFileReference; lastKnownFileType = sourcecode.swift; path = Navigator.swift; sourceTree = "<group>"; };
		261436ED261F92D40029FB04 /* UIView.swift */ = {isa = PBXFileReference; lastKnownFileType = sourcecode.swift; path = UIView.swift; sourceTree = "<group>"; };
		26420616261F57BB00DC1324 /* Register.storyboard */ = {isa = PBXFileReference; lastKnownFileType = file.storyboard; path = Register.storyboard; sourceTree = "<group>"; };
		29DFF739E35513BD1E78FC30 /* Pods_ios_templates.framework */ = {isa = PBXFileReference; explicitFileType = wrapper.framework; includeInIndex = 0; path = Pods_ios_templates.framework; sourceTree = BUILT_PRODUCTS_DIR; };
		3A3302E1B2F6E73011B7978E /* Pods-ios-templatesTests.release.xcconfig */ = {isa = PBXFileReference; includeInIndex = 1; lastKnownFileType = text.xcconfig; name = "Pods-ios-templatesTests.release.xcconfig"; path = "Target Support Files/Pods-ios-templatesTests/Pods-ios-templatesTests.release.xcconfig"; sourceTree = "<group>"; };
		62C8F5DBBF2E15A77DBA2CFE /* Pods_ios_templates_ios_templatesUITests.framework */ = {isa = PBXFileReference; explicitFileType = wrapper.framework; includeInIndex = 0; path = Pods_ios_templates_ios_templatesUITests.framework; sourceTree = BUILT_PRODUCTS_DIR; };
		6904943D5C3EA6730351B17B /* Pods-ios-templates-ios-templatesUITests.debug.xcconfig */ = {isa = PBXFileReference; includeInIndex = 1; lastKnownFileType = text.xcconfig; name = "Pods-ios-templates-ios-templatesUITests.debug.xcconfig"; path = "Target Support Files/Pods-ios-templates-ios-templatesUITests/Pods-ios-templates-ios-templatesUITests.debug.xcconfig"; sourceTree = "<group>"; };
		74259A1EDD622F0B621E840A /* Pods_ios_templatesTests.framework */ = {isa = PBXFileReference; explicitFileType = wrapper.framework; includeInIndex = 0; path = Pods_ios_templatesTests.framework; sourceTree = BUILT_PRODUCTS_DIR; };
		8D9CA89EEE8474AD42CD8D52 /* Pods-ios-templatesTests.debug.xcconfig */ = {isa = PBXFileReference; includeInIndex = 1; lastKnownFileType = text.xcconfig; name = "Pods-ios-templatesTests.debug.xcconfig"; path = "Target Support Files/Pods-ios-templatesTests/Pods-ios-templatesTests.debug.xcconfig"; sourceTree = "<group>"; };
		D7F948BB2268EE27F457CD1F /* Pods-ios-templates.debug.xcconfig */ = {isa = PBXFileReference; includeInIndex = 1; lastKnownFileType = text.xcconfig; name = "Pods-ios-templates.debug.xcconfig"; path = "Target Support Files/Pods-ios-templates/Pods-ios-templates.debug.xcconfig"; sourceTree = "<group>"; };
		DFEAFF0A1D6BDAE4F5CC4DE3 /* Pods-ios-templates-ios-templatesUITests.release.xcconfig */ = {isa = PBXFileReference; includeInIndex = 1; lastKnownFileType = text.xcconfig; name = "Pods-ios-templates-ios-templatesUITests.release.xcconfig"; path = "Target Support Files/Pods-ios-templates-ios-templatesUITests/Pods-ios-templates-ios-templatesUITests.release.xcconfig"; sourceTree = "<group>"; };
/* End PBXFileReference section */

/* Begin PBXFrameworksBuildPhase section */
		260C2D19261D80A600810104 /* Frameworks */ = {
			isa = PBXFrameworksBuildPhase;
			buildActionMask = 2147483647;
			files = (
				18CE13E9BA7FACA7430F9A5E /* Pods_ios_templates.framework in Frameworks */,
			);
			runOnlyForDeploymentPostprocessing = 0;
		};
		260C2D2F261D80A700810104 /* Frameworks */ = {
			isa = PBXFrameworksBuildPhase;
			buildActionMask = 2147483647;
			files = (
				A1A214903F84A72FC4222645 /* Pods_ios_templatesTests.framework in Frameworks */,
			);
			runOnlyForDeploymentPostprocessing = 0;
		};
		260C2D3A261D80A700810104 /* Frameworks */ = {
			isa = PBXFrameworksBuildPhase;
			buildActionMask = 2147483647;
			files = (
				79ED884629D9DC3EF4905234 /* Pods_ios_templates_ios_templatesUITests.framework in Frameworks */,
			);
			runOnlyForDeploymentPostprocessing = 0;
		};
/* End PBXFrameworksBuildPhase section */

/* Begin PBXGroup section */
		260C2D13261D80A600810104 = {
			isa = PBXGroup;
			children = (
				260C2D1E261D80A600810104 /* ios-templates */,
				260C2D35261D80A700810104 /* ios-templatesTests */,
				260C2D40261D80A700810104 /* ios-templatesUITests */,
				260C2D1D261D80A600810104 /* Products */,
				9CED40923DC5DB1573D03717 /* Pods */,
				762E5A6419D4135532C2617E /* Frameworks */,
			);
			sourceTree = "<group>";
		};
		260C2D1D261D80A600810104 /* Products */ = {
			isa = PBXGroup;
			children = (
				260C2D1C261D80A600810104 /* ios-templates.app */,
				260C2D32261D80A700810104 /* ios-templatesTests.xctest */,
				260C2D3D261D80A700810104 /* ios-templatesUITests.xctest */,
			);
			name = Products;
			sourceTree = "<group>";
		};
		260C2D1E261D80A600810104 /* ios-templates */ = {
			isa = PBXGroup;
			children = (
				260C2DC2261DE0D900810104 /* Application */,
				260C2DA8261DCFFF00810104 /* ViewControllers */,
				260C2D9F261DCA3700810104 /* Extensions */,
				260C2D89261DA43900810104 /* Storyboard */,
				260C2D52261D955C00810104 /* NetworkLayer */,
				260C2D28261D80A700810104 /* Assets.xcassets */,
				260C2D2A261D80A700810104 /* LaunchScreen.storyboard */,
				260C2D2D261D80A700810104 /* Info.plist */,
				260C2D6B261D9EDE00810104 /* GoogleService-Info.plist */,
			);
			path = "ios-templates";
			sourceTree = "<group>";
		};
		260C2D35261D80A700810104 /* ios-templatesTests */ = {
			isa = PBXGroup;
			children = (
				260C2D36261D80A700810104 /* ios_templatesTests.swift */,
				260C2D38261D80A700810104 /* Info.plist */,
			);
			path = "ios-templatesTests";
			sourceTree = "<group>";
		};
		260C2D40261D80A700810104 /* ios-templatesUITests */ = {
			isa = PBXGroup;
			children = (
				260C2D41261D80A700810104 /* ios_templatesUITests.swift */,
				260C2D43261D80A700810104 /* Info.plist */,
			);
			path = "ios-templatesUITests";
			sourceTree = "<group>";
		};
		260C2D52261D955C00810104 /* NetworkLayer */ = {
			isa = PBXGroup;
			children = (
				260C2D94261DAE2B00810104 /* ServiceRequests */,
				260C2D83261DA33C00810104 /* NetworkProvider */,
				260C2D62261D9A1600810104 /* NetworkConstant */,
				260C2D59261D97AB00810104 /* NetworkEnums */,
				260C2D53261D959200810104 /* NetworkProtocols */,
			);
			path = NetworkLayer;
			sourceTree = "<group>";
		};
		260C2D53261D959200810104 /* NetworkProtocols */ = {
			isa = PBXGroup;
			children = (
				260C2D54261D95D900810104 /* ServiceProtocol.swift */,
			);
			path = NetworkProtocols;
			sourceTree = "<group>";
		};
		260C2D59261D97AB00810104 /* NetworkEnums */ = {
			isa = PBXGroup;
			children = (
				260C2D5A261D980300810104 /* HTTPMethod.swift */,
				260C2D63261D9BBD00810104 /* RequestBody.swift */,
				260C2D8F261DAC3A00810104 /* NetworkResponse.swift */,
			);
			path = NetworkEnums;
			sourceTree = "<group>";
		};
		260C2D62261D9A1600810104 /* NetworkConstant */ = {
			isa = PBXGroup;
			children = (
			);
			path = NetworkConstant;
			sourceTree = "<group>";
		};
		260C2D83261DA33C00810104 /* NetworkProvider */ = {
			isa = PBXGroup;
			children = (
				260C2D84261DA38D00810104 /* URLSessionProvider.swift */,
			);
			path = NetworkProvider;
			sourceTree = "<group>";
		};
		260C2D89261DA43900810104 /* Storyboard */ = {
			isa = PBXGroup;
			children = (
				260C2D25261D80A600810104 /* Main.storyboard */,
				260C2D8A261DA44800810104 /* Storyboard.swift */,
				26420616261F57BB00DC1324 /* Register.storyboard */,
			);
			path = Storyboard;
			sourceTree = "<group>";
		};
		260C2D94261DAE2B00810104 /* ServiceRequests */ = {
			isa = PBXGroup;
			children = (
				260C2D95261DAE4D00810104 /* LoginService.swift */,
			);
			path = ServiceRequests;
			sourceTree = "<group>";
		};
		260C2D9F261DCA3700810104 /* Extensions */ = {
			isa = PBXGroup;
			children = (
				260C2DA0261DCA4500810104 /* UIColor.swift */,
				261436ED261F92D40029FB04 /* UIView.swift */,
			);
			path = Extensions;
			sourceTree = "<group>";
		};
		260C2DA8261DCFFF00810104 /* ViewControllers */ = {
			isa = PBXGroup;
			children = (
				260C2D23261D80A600810104 /* SplashViewController.swift */,
				260C2DA9261DD02200810104 /* RegisterViewController.swift */,
			);
			path = ViewControllers;
			sourceTree = "<group>";
		};
		260C2DC2261DE0D900810104 /* Application */ = {
			isa = PBXGroup;
			children = (
				260C2D1F261D80A600810104 /* AppDelegate.swift */,
				260C2D21261D80A600810104 /* SceneDelegate.swift */,
				260C2DC3261DE14400810104 /* Application.swift */,
				260C2DC8261DE44B00810104 /* Navigator.swift */,
			);
			path = Application;
			sourceTree = "<group>";
		};
		762E5A6419D4135532C2617E /* Frameworks */ = {
			isa = PBXGroup;
			children = (
				29DFF739E35513BD1E78FC30 /* Pods_ios_templates.framework */,
				62C8F5DBBF2E15A77DBA2CFE /* Pods_ios_templates_ios_templatesUITests.framework */,
				74259A1EDD622F0B621E840A /* Pods_ios_templatesTests.framework */,
			);
			name = Frameworks;
			sourceTree = "<group>";
		};
		9CED40923DC5DB1573D03717 /* Pods */ = {
			isa = PBXGroup;
			children = (
				D7F948BB2268EE27F457CD1F /* Pods-ios-templates.debug.xcconfig */,
				1BCF2A96B53201FEDA295C14 /* Pods-ios-templates.release.xcconfig */,
				6904943D5C3EA6730351B17B /* Pods-ios-templates-ios-templatesUITests.debug.xcconfig */,
				DFEAFF0A1D6BDAE4F5CC4DE3 /* Pods-ios-templates-ios-templatesUITests.release.xcconfig */,
				8D9CA89EEE8474AD42CD8D52 /* Pods-ios-templatesTests.debug.xcconfig */,
				3A3302E1B2F6E73011B7978E /* Pods-ios-templatesTests.release.xcconfig */,
			);
			path = Pods;
			sourceTree = "<group>";
		};
/* End PBXGroup section */

/* Begin PBXNativeTarget section */
		260C2D1B261D80A600810104 /* ios-templates */ = {
			isa = PBXNativeTarget;
			buildConfigurationList = 260C2D46261D80A700810104 /* Build configuration list for PBXNativeTarget "ios-templates" */;
			buildPhases = (
				760E6F9918D9240E96A57C24 /* [CP] Check Pods Manifest.lock */,
				260C2D18261D80A600810104 /* Sources */,
				260C2D19261D80A600810104 /* Frameworks */,
				260C2D1A261D80A600810104 /* Resources */,
				A2A2C40175D602E3F7AF179B /* [CP] Embed Pods Frameworks */,
			);
			buildRules = (
			);
			dependencies = (
			);
			name = "ios-templates";
			productName = "ios-templates";
			productReference = 260C2D1C261D80A600810104 /* ios-templates.app */;
			productType = "com.apple.product-type.application";
		};
		260C2D31261D80A700810104 /* ios-templatesTests */ = {
			isa = PBXNativeTarget;
			buildConfigurationList = 260C2D49261D80A700810104 /* Build configuration list for PBXNativeTarget "ios-templatesTests" */;
			buildPhases = (
				52E90C650B9F46B3A73D3FEE /* [CP] Check Pods Manifest.lock */,
				260C2D2E261D80A700810104 /* Sources */,
				260C2D2F261D80A700810104 /* Frameworks */,
				260C2D30261D80A700810104 /* Resources */,
			);
			buildRules = (
			);
			dependencies = (
				260C2D34261D80A700810104 /* PBXTargetDependency */,
			);
			name = "ios-templatesTests";
			productName = "ios-templatesTests";
			productReference = 260C2D32261D80A700810104 /* ios-templatesTests.xctest */;
			productType = "com.apple.product-type.bundle.unit-test";
		};
		260C2D3C261D80A700810104 /* ios-templatesUITests */ = {
			isa = PBXNativeTarget;
			buildConfigurationList = 260C2D4C261D80A700810104 /* Build configuration list for PBXNativeTarget "ios-templatesUITests" */;
			buildPhases = (
				82BFB5245A6B4D5ABD6BC635 /* [CP] Check Pods Manifest.lock */,
				260C2D39261D80A700810104 /* Sources */,
				260C2D3A261D80A700810104 /* Frameworks */,
				260C2D3B261D80A700810104 /* Resources */,
				0427608840C6673962A48F8B /* [CP] Embed Pods Frameworks */,
			);
			buildRules = (
			);
			dependencies = (
				260C2D3F261D80A700810104 /* PBXTargetDependency */,
			);
			name = "ios-templatesUITests";
			productName = "ios-templatesUITests";
			productReference = 260C2D3D261D80A700810104 /* ios-templatesUITests.xctest */;
			productType = "com.apple.product-type.bundle.ui-testing";
		};
/* End PBXNativeTarget section */

/* Begin PBXProject section */
		260C2D14261D80A600810104 /* Project object */ = {
			isa = PBXProject;
			attributes = {
				LastSwiftUpdateCheck = 1240;
				LastUpgradeCheck = 1240;
				TargetAttributes = {
					260C2D1B261D80A600810104 = {
						CreatedOnToolsVersion = 12.4;
					};
					260C2D31261D80A700810104 = {
						CreatedOnToolsVersion = 12.4;
						TestTargetID = 260C2D1B261D80A600810104;
					};
					260C2D3C261D80A700810104 = {
						CreatedOnToolsVersion = 12.4;
						TestTargetID = 260C2D1B261D80A600810104;
					};
				};
			};
			buildConfigurationList = 260C2D17261D80A600810104 /* Build configuration list for PBXProject "ios-templates" */;
			compatibilityVersion = "Xcode 9.3";
			developmentRegion = en;
			hasScannedForEncodings = 0;
			knownRegions = (
				en,
				Base,
			);
			mainGroup = 260C2D13261D80A600810104;
			productRefGroup = 260C2D1D261D80A600810104 /* Products */;
			projectDirPath = "";
			projectRoot = "";
			targets = (
				260C2D1B261D80A600810104 /* ios-templates */,
				260C2D31261D80A700810104 /* ios-templatesTests */,
				260C2D3C261D80A700810104 /* ios-templatesUITests */,
			);
		};
/* End PBXProject section */

/* Begin PBXResourcesBuildPhase section */
		260C2D1A261D80A600810104 /* Resources */ = {
			isa = PBXResourcesBuildPhase;
			buildActionMask = 2147483647;
			files = (
				260C2D2C261D80A700810104 /* LaunchScreen.storyboard in Resources */,
				260C2D6C261D9EDE00810104 /* GoogleService-Info.plist in Resources */,
				260C2D29261D80A700810104 /* Assets.xcassets in Resources */,
				260C2D27261D80A600810104 /* Main.storyboard in Resources */,
				26420617261F57BB00DC1324 /* Register.storyboard in Resources */,
			);
			runOnlyForDeploymentPostprocessing = 0;
		};
		260C2D30261D80A700810104 /* Resources */ = {
			isa = PBXResourcesBuildPhase;
			buildActionMask = 2147483647;
			files = (
			);
			runOnlyForDeploymentPostprocessing = 0;
		};
		260C2D3B261D80A700810104 /* Resources */ = {
			isa = PBXResourcesBuildPhase;
			buildActionMask = 2147483647;
			files = (
			);
			runOnlyForDeploymentPostprocessing = 0;
		};
/* End PBXResourcesBuildPhase section */

/* Begin PBXShellScriptBuildPhase section */
		0427608840C6673962A48F8B /* [CP] Embed Pods Frameworks */ = {
			isa = PBXShellScriptBuildPhase;
			buildActionMask = 2147483647;
			files = (
			);
			inputFileListPaths = (
				"${PODS_ROOT}/Target Support Files/Pods-ios-templates-ios-templatesUITests/Pods-ios-templates-ios-templatesUITests-frameworks-${CONFIGURATION}-input-files.xcfilelist",
			);
			name = "[CP] Embed Pods Frameworks";
			outputFileListPaths = (
				"${PODS_ROOT}/Target Support Files/Pods-ios-templates-ios-templatesUITests/Pods-ios-templates-ios-templatesUITests-frameworks-${CONFIGURATION}-output-files.xcfilelist",
			);
			runOnlyForDeploymentPostprocessing = 0;
			shellPath = /bin/sh;
			shellScript = "\"${PODS_ROOT}/Target Support Files/Pods-ios-templates-ios-templatesUITests/Pods-ios-templates-ios-templatesUITests-frameworks.sh\"\n";
			showEnvVarsInLog = 0;
		};
		52E90C650B9F46B3A73D3FEE /* [CP] Check Pods Manifest.lock */ = {
			isa = PBXShellScriptBuildPhase;
			buildActionMask = 2147483647;
			files = (
			);
			inputFileListPaths = (
			);
			inputPaths = (
				"${PODS_PODFILE_DIR_PATH}/Podfile.lock",
				"${PODS_ROOT}/Manifest.lock",
			);
			name = "[CP] Check Pods Manifest.lock";
			outputFileListPaths = (
			);
			outputPaths = (
				"$(DERIVED_FILE_DIR)/Pods-ios-templatesTests-checkManifestLockResult.txt",
			);
			runOnlyForDeploymentPostprocessing = 0;
			shellPath = /bin/sh;
			shellScript = "diff \"${PODS_PODFILE_DIR_PATH}/Podfile.lock\" \"${PODS_ROOT}/Manifest.lock\" > /dev/null\nif [ $? != 0 ] ; then\n    # print error to STDERR\n    echo \"error: The sandbox is not in sync with the Podfile.lock. Run 'pod install' or update your CocoaPods installation.\" >&2\n    exit 1\nfi\n# This output is used by Xcode 'outputs' to avoid re-running this script phase.\necho \"SUCCESS\" > \"${SCRIPT_OUTPUT_FILE_0}\"\n";
			showEnvVarsInLog = 0;
		};
		760E6F9918D9240E96A57C24 /* [CP] Check Pods Manifest.lock */ = {
			isa = PBXShellScriptBuildPhase;
			buildActionMask = 2147483647;
			files = (
			);
			inputFileListPaths = (
			);
			inputPaths = (
				"${PODS_PODFILE_DIR_PATH}/Podfile.lock",
				"${PODS_ROOT}/Manifest.lock",
			);
			name = "[CP] Check Pods Manifest.lock";
			outputFileListPaths = (
			);
			outputPaths = (
				"$(DERIVED_FILE_DIR)/Pods-ios-templates-checkManifestLockResult.txt",
			);
			runOnlyForDeploymentPostprocessing = 0;
			shellPath = /bin/sh;
			shellScript = "diff \"${PODS_PODFILE_DIR_PATH}/Podfile.lock\" \"${PODS_ROOT}/Manifest.lock\" > /dev/null\nif [ $? != 0 ] ; then\n    # print error to STDERR\n    echo \"error: The sandbox is not in sync with the Podfile.lock. Run 'pod install' or update your CocoaPods installation.\" >&2\n    exit 1\nfi\n# This output is used by Xcode 'outputs' to avoid re-running this script phase.\necho \"SUCCESS\" > \"${SCRIPT_OUTPUT_FILE_0}\"\n";
			showEnvVarsInLog = 0;
		};
		82BFB5245A6B4D5ABD6BC635 /* [CP] Check Pods Manifest.lock */ = {
			isa = PBXShellScriptBuildPhase;
			buildActionMask = 2147483647;
			files = (
			);
			inputFileListPaths = (
			);
			inputPaths = (
				"${PODS_PODFILE_DIR_PATH}/Podfile.lock",
				"${PODS_ROOT}/Manifest.lock",
			);
			name = "[CP] Check Pods Manifest.lock";
			outputFileListPaths = (
			);
			outputPaths = (
				"$(DERIVED_FILE_DIR)/Pods-ios-templates-ios-templatesUITests-checkManifestLockResult.txt",
			);
			runOnlyForDeploymentPostprocessing = 0;
			shellPath = /bin/sh;
			shellScript = "diff \"${PODS_PODFILE_DIR_PATH}/Podfile.lock\" \"${PODS_ROOT}/Manifest.lock\" > /dev/null\nif [ $? != 0 ] ; then\n    # print error to STDERR\n    echo \"error: The sandbox is not in sync with the Podfile.lock. Run 'pod install' or update your CocoaPods installation.\" >&2\n    exit 1\nfi\n# This output is used by Xcode 'outputs' to avoid re-running this script phase.\necho \"SUCCESS\" > \"${SCRIPT_OUTPUT_FILE_0}\"\n";
			showEnvVarsInLog = 0;
		};
		A2A2C40175D602E3F7AF179B /* [CP] Embed Pods Frameworks */ = {
			isa = PBXShellScriptBuildPhase;
			buildActionMask = 2147483647;
			files = (
			);
			inputFileListPaths = (
				"${PODS_ROOT}/Target Support Files/Pods-ios-templates/Pods-ios-templates-frameworks-${CONFIGURATION}-input-files.xcfilelist",
			);
			name = "[CP] Embed Pods Frameworks";
			outputFileListPaths = (
				"${PODS_ROOT}/Target Support Files/Pods-ios-templates/Pods-ios-templates-frameworks-${CONFIGURATION}-output-files.xcfilelist",
			);
			runOnlyForDeploymentPostprocessing = 0;
			shellPath = /bin/sh;
			shellScript = "\"${PODS_ROOT}/Target Support Files/Pods-ios-templates/Pods-ios-templates-frameworks.sh\"\n";
			showEnvVarsInLog = 0;
		};
/* End PBXShellScriptBuildPhase section */

/* Begin PBXSourcesBuildPhase section */
		260C2D18261D80A600810104 /* Sources */ = {
			isa = PBXSourcesBuildPhase;
			buildActionMask = 2147483647;
			files = (
				260C2D24261D80A600810104 /* SplashViewController.swift in Sources */,
				260C2D20261D80A600810104 /* AppDelegate.swift in Sources */,
				260C2D22261D80A600810104 /* SceneDelegate.swift in Sources */,
				260C2D5B261D980300810104 /* HTTPMethod.swift in Sources */,
				260C2D8B261DA44800810104 /* Storyboard.swift in Sources */,
				260C2D90261DAC3A00810104 /* NetworkResponse.swift in Sources */,
				260C2DAA261DD02200810104 /* RegisterViewController.swift in Sources */,
				260C2DC9261DE44B00810104 /* Navigator.swift in Sources */,
				260C2D55261D95D900810104 /* ServiceProtocol.swift in Sources */,
				260C2DA1261DCA4500810104 /* UIColor.swift in Sources */,
				261436EE261F92D40029FB04 /* UIView.swift in Sources */,
				260C2D96261DAE4D00810104 /* LoginService.swift in Sources */,
				260C2D85261DA38D00810104 /* URLSessionProvider.swift in Sources */,
				260C2DC4261DE14400810104 /* Application.swift in Sources */,
				260C2D64261D9BBD00810104 /* RequestBody.swift in Sources */,
			);
			runOnlyForDeploymentPostprocessing = 0;
		};
		260C2D2E261D80A700810104 /* Sources */ = {
			isa = PBXSourcesBuildPhase;
			buildActionMask = 2147483647;
			files = (
				260C2D37261D80A700810104 /* ios_templatesTests.swift in Sources */,
			);
			runOnlyForDeploymentPostprocessing = 0;
		};
		260C2D39261D80A700810104 /* Sources */ = {
			isa = PBXSourcesBuildPhase;
			buildActionMask = 2147483647;
			files = (
				260C2D42261D80A700810104 /* ios_templatesUITests.swift in Sources */,
			);
			runOnlyForDeploymentPostprocessing = 0;
		};
/* End PBXSourcesBuildPhase section */

/* Begin PBXTargetDependency section */
		260C2D34261D80A700810104 /* PBXTargetDependency */ = {
			isa = PBXTargetDependency;
			target = 260C2D1B261D80A600810104 /* ios-templates */;
			targetProxy = 260C2D33261D80A700810104 /* PBXContainerItemProxy */;
		};
		260C2D3F261D80A700810104 /* PBXTargetDependency */ = {
			isa = PBXTargetDependency;
			target = 260C2D1B261D80A600810104 /* ios-templates */;
			targetProxy = 260C2D3E261D80A700810104 /* PBXContainerItemProxy */;
		};
/* End PBXTargetDependency section */

/* Begin PBXVariantGroup section */
		260C2D25261D80A600810104 /* Main.storyboard */ = {
			isa = PBXVariantGroup;
			children = (
				260C2D26261D80A600810104 /* Base */,
			);
			name = Main.storyboard;
			sourceTree = "<group>";
		};
		260C2D2A261D80A700810104 /* LaunchScreen.storyboard */ = {
			isa = PBXVariantGroup;
			children = (
				260C2D2B261D80A700810104 /* Base */,
			);
			name = LaunchScreen.storyboard;
			sourceTree = "<group>";
		};
/* End PBXVariantGroup section */

/* Begin XCBuildConfiguration section */
		260C2D44261D80A700810104 /* Debug */ = {
			isa = XCBuildConfiguration;
			buildSettings = {
				ALWAYS_SEARCH_USER_PATHS = NO;
				CLANG_ANALYZER_NONNULL = YES;
				CLANG_ANALYZER_NUMBER_OBJECT_CONVERSION = YES_AGGRESSIVE;
				CLANG_CXX_LANGUAGE_STANDARD = "gnu++14";
				CLANG_CXX_LIBRARY = "libc++";
				CLANG_ENABLE_MODULES = YES;
				CLANG_ENABLE_OBJC_ARC = YES;
				CLANG_ENABLE_OBJC_WEAK = YES;
				CLANG_WARN_BLOCK_CAPTURE_AUTORELEASING = YES;
				CLANG_WARN_BOOL_CONVERSION = YES;
				CLANG_WARN_COMMA = YES;
				CLANG_WARN_CONSTANT_CONVERSION = YES;
				CLANG_WARN_DEPRECATED_OBJC_IMPLEMENTATIONS = YES;
				CLANG_WARN_DIRECT_OBJC_ISA_USAGE = YES_ERROR;
				CLANG_WARN_DOCUMENTATION_COMMENTS = YES;
				CLANG_WARN_EMPTY_BODY = YES;
				CLANG_WARN_ENUM_CONVERSION = YES;
				CLANG_WARN_INFINITE_RECURSION = YES;
				CLANG_WARN_INT_CONVERSION = YES;
				CLANG_WARN_NON_LITERAL_NULL_CONVERSION = YES;
				CLANG_WARN_OBJC_IMPLICIT_RETAIN_SELF = YES;
				CLANG_WARN_OBJC_LITERAL_CONVERSION = YES;
				CLANG_WARN_OBJC_ROOT_CLASS = YES_ERROR;
				CLANG_WARN_QUOTED_INCLUDE_IN_FRAMEWORK_HEADER = YES;
				CLANG_WARN_RANGE_LOOP_ANALYSIS = YES;
				CLANG_WARN_STRICT_PROTOTYPES = YES;
				CLANG_WARN_SUSPICIOUS_MOVE = YES;
				CLANG_WARN_UNGUARDED_AVAILABILITY = YES_AGGRESSIVE;
				CLANG_WARN_UNREACHABLE_CODE = YES;
				CLANG_WARN__DUPLICATE_METHOD_MATCH = YES;
				COPY_PHASE_STRIP = NO;
				DEBUG_INFORMATION_FORMAT = dwarf;
				ENABLE_STRICT_OBJC_MSGSEND = YES;
				ENABLE_TESTABILITY = YES;
				GCC_C_LANGUAGE_STANDARD = gnu11;
				GCC_DYNAMIC_NO_PIC = NO;
				GCC_NO_COMMON_BLOCKS = YES;
				GCC_OPTIMIZATION_LEVEL = 0;
				GCC_PREPROCESSOR_DEFINITIONS = (
					"DEBUG=1",
					"$(inherited)",
				);
				GCC_WARN_64_TO_32_BIT_CONVERSION = YES;
				GCC_WARN_ABOUT_RETURN_TYPE = YES_ERROR;
				GCC_WARN_UNDECLARED_SELECTOR = YES;
				GCC_WARN_UNINITIALIZED_AUTOS = YES_AGGRESSIVE;
				GCC_WARN_UNUSED_FUNCTION = YES;
				GCC_WARN_UNUSED_VARIABLE = YES;
				IPHONEOS_DEPLOYMENT_TARGET = 14.4;
				MTL_ENABLE_DEBUG_INFO = INCLUDE_SOURCE;
				MTL_FAST_MATH = YES;
				ONLY_ACTIVE_ARCH = YES;
				SDKROOT = iphoneos;
				SWIFT_ACTIVE_COMPILATION_CONDITIONS = DEBUG;
				SWIFT_OPTIMIZATION_LEVEL = "-Onone";
			};
			name = Debug;
		};
		260C2D45261D80A700810104 /* Release */ = {
			isa = XCBuildConfiguration;
			buildSettings = {
				ALWAYS_SEARCH_USER_PATHS = NO;
				CLANG_ANALYZER_NONNULL = YES;
				CLANG_ANALYZER_NUMBER_OBJECT_CONVERSION = YES_AGGRESSIVE;
				CLANG_CXX_LANGUAGE_STANDARD = "gnu++14";
				CLANG_CXX_LIBRARY = "libc++";
				CLANG_ENABLE_MODULES = YES;
				CLANG_ENABLE_OBJC_ARC = YES;
				CLANG_ENABLE_OBJC_WEAK = YES;
				CLANG_WARN_BLOCK_CAPTURE_AUTORELEASING = YES;
				CLANG_WARN_BOOL_CONVERSION = YES;
				CLANG_WARN_COMMA = YES;
				CLANG_WARN_CONSTANT_CONVERSION = YES;
				CLANG_WARN_DEPRECATED_OBJC_IMPLEMENTATIONS = YES;
				CLANG_WARN_DIRECT_OBJC_ISA_USAGE = YES_ERROR;
				CLANG_WARN_DOCUMENTATION_COMMENTS = YES;
				CLANG_WARN_EMPTY_BODY = YES;
				CLANG_WARN_ENUM_CONVERSION = YES;
				CLANG_WARN_INFINITE_RECURSION = YES;
				CLANG_WARN_INT_CONVERSION = YES;
				CLANG_WARN_NON_LITERAL_NULL_CONVERSION = YES;
				CLANG_WARN_OBJC_IMPLICIT_RETAIN_SELF = YES;
				CLANG_WARN_OBJC_LITERAL_CONVERSION = YES;
				CLANG_WARN_OBJC_ROOT_CLASS = YES_ERROR;
				CLANG_WARN_QUOTED_INCLUDE_IN_FRAMEWORK_HEADER = YES;
				CLANG_WARN_RANGE_LOOP_ANALYSIS = YES;
				CLANG_WARN_STRICT_PROTOTYPES = YES;
				CLANG_WARN_SUSPICIOUS_MOVE = YES;
				CLANG_WARN_UNGUARDED_AVAILABILITY = YES_AGGRESSIVE;
				CLANG_WARN_UNREACHABLE_CODE = YES;
				CLANG_WARN__DUPLICATE_METHOD_MATCH = YES;
				COPY_PHASE_STRIP = NO;
				DEBUG_INFORMATION_FORMAT = "dwarf-with-dsym";
				ENABLE_NS_ASSERTIONS = NO;
				ENABLE_STRICT_OBJC_MSGSEND = YES;
				GCC_C_LANGUAGE_STANDARD = gnu11;
				GCC_NO_COMMON_BLOCKS = YES;
				GCC_WARN_64_TO_32_BIT_CONVERSION = YES;
				GCC_WARN_ABOUT_RETURN_TYPE = YES_ERROR;
				GCC_WARN_UNDECLARED_SELECTOR = YES;
				GCC_WARN_UNINITIALIZED_AUTOS = YES_AGGRESSIVE;
				GCC_WARN_UNUSED_FUNCTION = YES;
				GCC_WARN_UNUSED_VARIABLE = YES;
				IPHONEOS_DEPLOYMENT_TARGET = 14.4;
				MTL_ENABLE_DEBUG_INFO = NO;
				MTL_FAST_MATH = YES;
				SDKROOT = iphoneos;
				SWIFT_COMPILATION_MODE = wholemodule;
				SWIFT_OPTIMIZATION_LEVEL = "-O";
				VALIDATE_PRODUCT = YES;
			};
			name = Release;
		};
		260C2D47261D80A700810104 /* Debug */ = {
			isa = XCBuildConfiguration;
			baseConfigurationReference = D7F948BB2268EE27F457CD1F /* Pods-ios-templates.debug.xcconfig */;
			buildSettings = {
				ASSETCATALOG_COMPILER_APPICON_NAME = AppIcon;
				ASSETCATALOG_COMPILER_GLOBAL_ACCENT_COLOR_NAME = AccentColor;
				CODE_SIGN_STYLE = Automatic;
				INFOPLIST_FILE = "ios-templates/Info.plist";
				LD_RUNPATH_SEARCH_PATHS = (
					"$(inherited)",
					"@executable_path/Frameworks",
				);
				PRODUCT_BUNDLE_IDENTIFIER = "com.example.ios-templates";
				PRODUCT_NAME = "$(TARGET_NAME)";
				SWIFT_VERSION = 5.0;
				TARGETED_DEVICE_FAMILY = "1,2";
			};
			name = Debug;
		};
		260C2D48261D80A700810104 /* Release */ = {
			isa = XCBuildConfiguration;
			baseConfigurationReference = 1BCF2A96B53201FEDA295C14 /* Pods-ios-templates.release.xcconfig */;
			buildSettings = {
				ASSETCATALOG_COMPILER_APPICON_NAME = AppIcon;
				ASSETCATALOG_COMPILER_GLOBAL_ACCENT_COLOR_NAME = AccentColor;
				CODE_SIGN_STYLE = Automatic;
				INFOPLIST_FILE = "ios-templates/Info.plist";
				LD_RUNPATH_SEARCH_PATHS = (
					"$(inherited)",
					"@executable_path/Frameworks",
				);
				PRODUCT_BUNDLE_IDENTIFIER = "com.example.ios-templates";
				PRODUCT_NAME = "$(TARGET_NAME)";
				SWIFT_VERSION = 5.0;
				TARGETED_DEVICE_FAMILY = "1,2";
			};
			name = Release;
		};
		260C2D4A261D80A700810104 /* Debug */ = {
			isa = XCBuildConfiguration;
			baseConfigurationReference = 8D9CA89EEE8474AD42CD8D52 /* Pods-ios-templatesTests.debug.xcconfig */;
			buildSettings = {
				ALWAYS_EMBED_SWIFT_STANDARD_LIBRARIES = YES;
				BUNDLE_LOADER = "$(TEST_HOST)";
				CODE_SIGN_STYLE = Automatic;
				INFOPLIST_FILE = "ios-templatesTests/Info.plist";
				IPHONEOS_DEPLOYMENT_TARGET = 14.4;
				LD_RUNPATH_SEARCH_PATHS = (
					"$(inherited)",
					"@executable_path/Frameworks",
					"@loader_path/Frameworks",
				);
				PRODUCT_BUNDLE_IDENTIFIER = "com.example.ios-templatesTests";
				PRODUCT_NAME = "$(TARGET_NAME)";
				SWIFT_VERSION = 5.0;
				TARGETED_DEVICE_FAMILY = "1,2";
				TEST_HOST = "$(BUILT_PRODUCTS_DIR)/ios-templates.app/ios-templates";
			};
			name = Debug;
		};
		260C2D4B261D80A700810104 /* Release */ = {
			isa = XCBuildConfiguration;
			baseConfigurationReference = 3A3302E1B2F6E73011B7978E /* Pods-ios-templatesTests.release.xcconfig */;
			buildSettings = {
				ALWAYS_EMBED_SWIFT_STANDARD_LIBRARIES = YES;
				BUNDLE_LOADER = "$(TEST_HOST)";
				CODE_SIGN_STYLE = Automatic;
				INFOPLIST_FILE = "ios-templatesTests/Info.plist";
				IPHONEOS_DEPLOYMENT_TARGET = 14.4;
				LD_RUNPATH_SEARCH_PATHS = (
					"$(inherited)",
					"@executable_path/Frameworks",
					"@loader_path/Frameworks",
				);
				PRODUCT_BUNDLE_IDENTIFIER = "com.example.ios-templatesTests";
				PRODUCT_NAME = "$(TARGET_NAME)";
				SWIFT_VERSION = 5.0;
				TARGETED_DEVICE_FAMILY = "1,2";
				TEST_HOST = "$(BUILT_PRODUCTS_DIR)/ios-templates.app/ios-templates";
			};
			name = Release;
		};
		260C2D4D261D80A700810104 /* Debug */ = {
			isa = XCBuildConfiguration;
			baseConfigurationReference = 6904943D5C3EA6730351B17B /* Pods-ios-templates-ios-templatesUITests.debug.xcconfig */;
			buildSettings = {
				ALWAYS_EMBED_SWIFT_STANDARD_LIBRARIES = YES;
				CODE_SIGN_STYLE = Automatic;
				INFOPLIST_FILE = "ios-templatesUITests/Info.plist";
				LD_RUNPATH_SEARCH_PATHS = (
					"$(inherited)",
					"@executable_path/Frameworks",
					"@loader_path/Frameworks",
				);
				PRODUCT_BUNDLE_IDENTIFIER = "com.example.ios-templatesUITests";
				PRODUCT_NAME = "$(TARGET_NAME)";
				SWIFT_VERSION = 5.0;
				TARGETED_DEVICE_FAMILY = "1,2";
				TEST_TARGET_NAME = "ios-templates";
			};
			name = Debug;
		};
		260C2D4E261D80A700810104 /* Release */ = {
			isa = XCBuildConfiguration;
			baseConfigurationReference = DFEAFF0A1D6BDAE4F5CC4DE3 /* Pods-ios-templates-ios-templatesUITests.release.xcconfig */;
			buildSettings = {
				ALWAYS_EMBED_SWIFT_STANDARD_LIBRARIES = YES;
				CODE_SIGN_STYLE = Automatic;
				INFOPLIST_FILE = "ios-templatesUITests/Info.plist";
				LD_RUNPATH_SEARCH_PATHS = (
					"$(inherited)",
					"@executable_path/Frameworks",
					"@loader_path/Frameworks",
				);
				PRODUCT_BUNDLE_IDENTIFIER = "com.example.ios-templatesUITests";
				PRODUCT_NAME = "$(TARGET_NAME)";
				SWIFT_VERSION = 5.0;
				TARGETED_DEVICE_FAMILY = "1,2";
				TEST_TARGET_NAME = "ios-templates";
			};
			name = Release;
		};
/* End XCBuildConfiguration section */

/* Begin XCConfigurationList section */
		260C2D17261D80A600810104 /* Build configuration list for PBXProject "ios-templates" */ = {
			isa = XCConfigurationList;
			buildConfigurations = (
				260C2D44261D80A700810104 /* Debug */,
				260C2D45261D80A700810104 /* Release */,
			);
			defaultConfigurationIsVisible = 0;
			defaultConfigurationName = Release;
		};
		260C2D46261D80A700810104 /* Build configuration list for PBXNativeTarget "ios-templates" */ = {
			isa = XCConfigurationList;
			buildConfigurations = (
				260C2D47261D80A700810104 /* Debug */,
				260C2D48261D80A700810104 /* Release */,
			);
			defaultConfigurationIsVisible = 0;
			defaultConfigurationName = Release;
		};
		260C2D49261D80A700810104 /* Build configuration list for PBXNativeTarget "ios-templatesTests" */ = {
			isa = XCConfigurationList;
			buildConfigurations = (
				260C2D4A261D80A700810104 /* Debug */,
				260C2D4B261D80A700810104 /* Release */,
			);
			defaultConfigurationIsVisible = 0;
			defaultConfigurationName = Release;
		};
		260C2D4C261D80A700810104 /* Build configuration list for PBXNativeTarget "ios-templatesUITests" */ = {
			isa = XCConfigurationList;
			buildConfigurations = (
				260C2D4D261D80A700810104 /* Debug */,
				260C2D4E261D80A700810104 /* Release */,
			);
			defaultConfigurationIsVisible = 0;
			defaultConfigurationName = Release;
		};
/* End XCConfigurationList section */
	};
	rootObject = 260C2D14261D80A600810104 /* Project object */;
}
